
Microsoft Visual Studio Solution File, Format Version 12.00
# Visual Studio Version 17
VisualStudioVersion = 17.7.34202.233
MinimumVisualStudioVersion = 10.0.40219.1
Project("{9A19103F-16F7-4668-BE54-9A1E7A4F7556}") = "SurveyJsBlazor", "SurveyJsBlazor\SurveyJsBlazor.csproj", "{01C4363F-8D86-421C-BF2E-D964DBA20A86}"
EndProject
Project("{9A19103F-16F7-4668-BE54-9A1E7A4F7556}") = "BlazorServerApp", "BlazorServerApp\BlazorServerApp.csproj", "{9994F9DC-224B-439F-9964-FFBE863BB9A9}"
EndProject
Global
	GlobalSection(SolutionConfigurationPlatforms) = preSolution
		Debug|Any CPU = Debug|Any CPU
		Release|Any CPU = Release|Any CPU
	EndGlobalSection
	GlobalSection(ProjectConfigurationPlatforms) = postSolution
		{01C4363F-8D86-421C-BF2E-D964DBA20A86}.Debug|Any CPU.ActiveCfg = Debug|Any CPU
		{01C4363F-8D86-421C-BF2E-D964DBA20A86}.Debug|Any CPU.Build.0 = Debug|Any CPU
		{01C4363F-8D86-421C-BF2E-D964DBA20A86}.Release|Any CPU.ActiveCfg = Release|Any CPU
		{01C4363F-8D86-421C-BF2E-D964DBA20A86}.Release|Any CPU.Build.0 = Release|Any CPU
		{9994F9DC-224B-439F-9964-FFBE863BB9A9}.Debug|Any CPU.ActiveCfg = Debug|Any CPU
		{9994F9DC-224B-439F-9964-FFBE863BB9A9}.Debug|Any CPU.Build.0 = Debug|Any CPU
		{9994F9DC-224B-439F-9964-FFBE863BB9A9}.Release|Any CPU.ActiveCfg = Release|Any CPU
		{9994F9DC-224B-439F-9964-FFBE863BB9A9}.Release|Any CPU.Build.0 = Release|Any CPU
	EndGlobalSection
	GlobalSection(SolutionProperties) = preSolution
		HideSolutionNode = FALSE
	EndGlobalSection
	GlobalSection(ExtensibilityGlobals) = postSolution
		SolutionGuid = {C141DFC3-604C-432B-AEE5-B657C06B0A1C}
	EndGlobalSection
EndGlobal
